// !$*UTF8*$!
{
	archiveVersion = 1;
	classes = {
	};
	objectVersion = 77;
	objects = {

/* Begin PBXBuildFile section */
		9CCD9CD82D10930C00DFAEA2 /* WidgetKit.framework in Frameworks */ = {isa = PBXBuildFile; fileRef = 9CFA562D2CF83BA400646A37 /* WidgetKit.framework */; };
		9CCD9CD92D10930C00DFAEA2 /* SwiftUI.framework in Frameworks */ = {isa = PBXBuildFile; fileRef = 9CFA562F2CF83BA400646A37 /* SwiftUI.framework */; };
		9CCD9CE42D10930D00DFAEA2 /* BlankWidgetExtension.appex in Embed Foundation Extensions */ = {isa = PBXBuildFile; fileRef = 9CCD9CD72D10930C00DFAEA2 /* BlankWidgetExtension.appex */; settings = {ATTRIBUTES = (RemoveHeadersOnCopy, ); }; };
		9CFA562E2CF83BA400646A37 /* WidgetKit.framework in Frameworks */ = {isa = PBXBuildFile; fileRef = 9CFA562D2CF83BA400646A37 /* WidgetKit.framework */; };
		9CFA56302CF83BA400646A37 /* SwiftUI.framework in Frameworks */ = {isa = PBXBuildFile; fileRef = 9CFA562F2CF83BA400646A37 /* SwiftUI.framework */; };
		9CFA563B2CF83BA400646A37 /* BrickPhoneWidgetExtension.appex in Embed Foundation Extensions */ = {isa = PBXBuildFile; fileRef = 9CFA562B2CF83BA400646A37 /* BrickPhoneWidgetExtension.appex */; settings = {ATTRIBUTES = (RemoveHeadersOnCopy, ); }; };
		9CFA565C2CF8711B00646A37 /* Launch Screen.storyboard in Resources */ = {isa = PBXBuildFile; fileRef = 9CFA565B2CF8711B00646A37 /* Launch Screen.storyboard */; };
/* End PBXBuildFile section */

/* Begin PBXContainerItemProxy section */
		9CCD9CE22D10930D00DFAEA2 /* PBXContainerItemProxy */ = {
			isa = PBXContainerItemProxy;
			containerPortal = 9CFA55F02CF83B9700646A37 /* Project object */;
			proxyType = 1;
			remoteGlobalIDString = 9CCD9CD62D10930C00DFAEA2;
			remoteInfo = BlankWidgetExtension;
		};
		9CFA560B2CF83B9800646A37 /* PBXContainerItemProxy */ = {
			isa = PBXContainerItemProxy;
			containerPortal = 9CFA55F02CF83B9700646A37 /* Project object */;
			proxyType = 1;
			remoteGlobalIDString = 9CFA55F72CF83B9700646A37;
			remoteInfo = BrickPhone;
		};
		9CFA56152CF83B9800646A37 /* PBXContainerItemProxy */ = {
			isa = PBXContainerItemProxy;
			containerPortal = 9CFA55F02CF83B9700646A37 /* Project object */;
			proxyType = 1;
			remoteGlobalIDString = 9CFA55F72CF83B9700646A37;
			remoteInfo = BrickPhone;
		};
		9CFA56392CF83BA400646A37 /* PBXContainerItemProxy */ = {
			isa = PBXContainerItemProxy;
			containerPortal = 9CFA55F02CF83B9700646A37 /* Project object */;
			proxyType = 1;
			remoteGlobalIDString = 9CFA562A2CF83BA400646A37;
			remoteInfo = BrickPhoneWidgetExtension;
		};
/* End PBXContainerItemProxy section */

/* Begin PBXCopyFilesBuildPhase section */
		9CFA56402CF83BA400646A37 /* Embed Foundation Extensions */ = {
			isa = PBXCopyFilesBuildPhase;
			buildActionMask = 2147483647;
			dstPath = "";
			dstSubfolderSpec = 13;
			files = (
				9CFA563B2CF83BA400646A37 /* BrickPhoneWidgetExtension.appex in Embed Foundation Extensions */,
				9CCD9CE42D10930D00DFAEA2 /* BlankWidgetExtension.appex in Embed Foundation Extensions */,
			);
			name = "Embed Foundation Extensions";
			runOnlyForDeploymentPostprocessing = 0;
		};
/* End PBXCopyFilesBuildPhase section */

/* Begin PBXFileReference section */
		9CA74CE82D1531D70090D10C /* BlankWidgetExtension.entitlements */ = {isa = PBXFileReference; lastKnownFileType = text.plist.entitlements; path = BlankWidgetExtension.entitlements; sourceTree = "<group>"; };
		9CCD9CD72D10930C00DFAEA2 /* BlankWidgetExtension.appex */ = {isa = PBXFileReference; explicitFileType = "wrapper.app-extension"; includeInIndex = 0; path = BlankWidgetExtension.appex; sourceTree = BUILT_PRODUCTS_DIR; };
		9CFA55F82CF83B9700646A37 /* BrickPhone.app */ = {isa = PBXFileReference; explicitFileType = wrapper.application; includeInIndex = 0; path = BrickPhone.app; sourceTree = BUILT_PRODUCTS_DIR; };
		9CFA560A2CF83B9800646A37 /* BrickPhoneTests.xctest */ = {isa = PBXFileReference; explicitFileType = wrapper.cfbundle; includeInIndex = 0; path = BrickPhoneTests.xctest; sourceTree = BUILT_PRODUCTS_DIR; };
		9CFA56142CF83B9800646A37 /* BrickPhoneUITests.xctest */ = {isa = PBXFileReference; explicitFileType = wrapper.cfbundle; includeInIndex = 0; path = BrickPhoneUITests.xctest; sourceTree = BUILT_PRODUCTS_DIR; };
		9CFA562B2CF83BA400646A37 /* BrickPhoneWidgetExtension.appex */ = {isa = PBXFileReference; explicitFileType = "wrapper.app-extension"; includeInIndex = 0; path = BrickPhoneWidgetExtension.appex; sourceTree = BUILT_PRODUCTS_DIR; };
		9CFA562D2CF83BA400646A37 /* WidgetKit.framework */ = {isa = PBXFileReference; lastKnownFileType = wrapper.framework; name = WidgetKit.framework; path = System/Library/Frameworks/WidgetKit.framework; sourceTree = SDKROOT; };
		9CFA562F2CF83BA400646A37 /* SwiftUI.framework */ = {isa = PBXFileReference; lastKnownFileType = wrapper.framework; name = SwiftUI.framework; path = System/Library/Frameworks/SwiftUI.framework; sourceTree = SDKROOT; };
		9CFA56422CF847F100646A37 /* BrickPhoneWidgetExtension.entitlements */ = {isa = PBXFileReference; lastKnownFileType = text.plist.entitlements; path = BrickPhoneWidgetExtension.entitlements; sourceTree = "<group>"; };
		9CFA565B2CF8711B00646A37 /* Launch Screen.storyboard */ = {isa = PBXFileReference; lastKnownFileType = file.storyboard; path = "Launch Screen.storyboard"; sourceTree = "<group>"; };
/* End PBXFileReference section */

/* Begin PBXFileSystemSynchronizedBuildFileExceptionSet section */
		9CCD9CE52D10930D00DFAEA2 /* Exceptions for "BlankWidget" folder in "BlankWidgetExtension" target */ = {
			isa = PBXFileSystemSynchronizedBuildFileExceptionSet;
			membershipExceptions = (
				Info.plist,
			);
			target = 9CCD9CD62D10930C00DFAEA2 /* BlankWidgetExtension */;
		};
		9CFA563C2CF83BA400646A37 /* Exceptions for "BrickPhoneWidget" folder in "BrickPhoneWidgetExtension" target */ = {
			isa = PBXFileSystemSynchronizedBuildFileExceptionSet;
			membershipExceptions = (
				Info.plist,
			);
			target = 9CFA562A2CF83BA400646A37 /* BrickPhoneWidgetExtension */;
		};
/* End PBXFileSystemSynchronizedBuildFileExceptionSet section */

/* Begin PBXFileSystemSynchronizedRootGroup section */
		9CCD9CDA2D10930C00DFAEA2 /* BlankWidget */ = {
			isa = PBXFileSystemSynchronizedRootGroup;
			exceptions = (
				9CCD9CE52D10930D00DFAEA2 /* Exceptions for "BlankWidget" folder in "BlankWidgetExtension" target */,
			);
			path = BlankWidget;
			sourceTree = "<group>";
		};
		9CFA55FA2CF83B9700646A37 /* BrickPhone */ = {
			isa = PBXFileSystemSynchronizedRootGroup;
			path = BrickPhone;
			sourceTree = "<group>";
		};
		9CFA560D2CF83B9800646A37 /* BrickPhoneTests */ = {
			isa = PBXFileSystemSynchronizedRootGroup;
			path = BrickPhoneTests;
			sourceTree = "<group>";
		};
		9CFA56172CF83B9800646A37 /* BrickPhoneUITests */ = {
			isa = PBXFileSystemSynchronizedRootGroup;
			path = BrickPhoneUITests;
			sourceTree = "<group>";
		};
		9CFA56312CF83BA400646A37 /* BrickPhoneWidget */ = {
			isa = PBXFileSystemSynchronizedRootGroup;
			exceptions = (
				9CFA563C2CF83BA400646A37 /* Exceptions for "BrickPhoneWidget" folder in "BrickPhoneWidgetExtension" target */,
			);
			path = BrickPhoneWidget;
			sourceTree = "<group>";
		};
/* End PBXFileSystemSynchronizedRootGroup section */

/* Begin PBXFrameworksBuildPhase section */
		9CCD9CD42D10930C00DFAEA2 /* Frameworks */ = {
			isa = PBXFrameworksBuildPhase;
			buildActionMask = 2147483647;
			files = (
				9CCD9CD92D10930C00DFAEA2 /* SwiftUI.framework in Frameworks */,
				9CCD9CD82D10930C00DFAEA2 /* WidgetKit.framework in Frameworks */,
			);
			runOnlyForDeploymentPostprocessing = 0;
		};
		9CFA55F52CF83B9700646A37 /* Frameworks */ = {
			isa = PBXFrameworksBuildPhase;
			buildActionMask = 2147483647;
			files = (
			);
			runOnlyForDeploymentPostprocessing = 0;
		};
		9CFA56072CF83B9800646A37 /* Frameworks */ = {
			isa = PBXFrameworksBuildPhase;
			buildActionMask = 2147483647;
			files = (
			);
			runOnlyForDeploymentPostprocessing = 0;
		};
		9CFA56112CF83B9800646A37 /* Frameworks */ = {
			isa = PBXFrameworksBuildPhase;
			buildActionMask = 2147483647;
			files = (
			);
			runOnlyForDeploymentPostprocessing = 0;
		};
		9CFA56282CF83BA400646A37 /* Frameworks */ = {
			isa = PBXFrameworksBuildPhase;
			buildActionMask = 2147483647;
			files = (
				9CFA56302CF83BA400646A37 /* SwiftUI.framework in Frameworks */,
				9CFA562E2CF83BA400646A37 /* WidgetKit.framework in Frameworks */,
			);
			runOnlyForDeploymentPostprocessing = 0;
		};
/* End PBXFrameworksBuildPhase section */

/* Begin PBXGroup section */
		9CFA55EF2CF83B9700646A37 = {
			isa = PBXGroup;
			children = (
				9CA74CE82D1531D70090D10C /* BlankWidgetExtension.entitlements */,
				9CFA565B2CF8711B00646A37 /* Launch Screen.storyboard */,
				9CFA56422CF847F100646A37 /* BrickPhoneWidgetExtension.entitlements */,
				9CFA55FA2CF83B9700646A37 /* BrickPhone */,
				9CFA560D2CF83B9800646A37 /* BrickPhoneTests */,
				9CFA56172CF83B9800646A37 /* BrickPhoneUITests */,
				9CFA56312CF83BA400646A37 /* BrickPhoneWidget */,
				9CCD9CDA2D10930C00DFAEA2 /* BlankWidget */,
				9CFA562C2CF83BA400646A37 /* Frameworks */,
				9CFA55F92CF83B9700646A37 /* Products */,
			);
			sourceTree = "<group>";
		};
		9CFA55F92CF83B9700646A37 /* Products */ = {
			isa = PBXGroup;
			children = (
				9CFA55F82CF83B9700646A37 /* BrickPhone.app */,
				9CFA560A2CF83B9800646A37 /* BrickPhoneTests.xctest */,
				9CFA56142CF83B9800646A37 /* BrickPhoneUITests.xctest */,
				9CFA562B2CF83BA400646A37 /* BrickPhoneWidgetExtension.appex */,
				9CCD9CD72D10930C00DFAEA2 /* BlankWidgetExtension.appex */,
			);
			name = Products;
			sourceTree = "<group>";
		};
		9CFA562C2CF83BA400646A37 /* Frameworks */ = {
			isa = PBXGroup;
			children = (
				9CFA562D2CF83BA400646A37 /* WidgetKit.framework */,
				9CFA562F2CF83BA400646A37 /* SwiftUI.framework */,
			);
			name = Frameworks;
			sourceTree = "<group>";
		};
/* End PBXGroup section */

/* Begin PBXNativeTarget section */
		9CCD9CD62D10930C00DFAEA2 /* BlankWidgetExtension */ = {
			isa = PBXNativeTarget;
			buildConfigurationList = 9CCD9CE62D10930D00DFAEA2 /* Build configuration list for PBXNativeTarget "BlankWidgetExtension" */;
			buildPhases = (
				9CCD9CD32D10930C00DFAEA2 /* Sources */,
				9CCD9CD42D10930C00DFAEA2 /* Frameworks */,
				9CCD9CD52D10930C00DFAEA2 /* Resources */,
			);
			buildRules = (
			);
			dependencies = (
			);
			fileSystemSynchronizedGroups = (
				9CCD9CDA2D10930C00DFAEA2 /* BlankWidget */,
			);
			name = BlankWidgetExtension;
			packageProductDependencies = (
			);
			productName = BlankWidgetExtension;
			productReference = 9CCD9CD72D10930C00DFAEA2 /* BlankWidgetExtension.appex */;
			productType = "com.apple.product-type.app-extension";
		};
		9CFA55F72CF83B9700646A37 /* BrickPhone */ = {
			isa = PBXNativeTarget;
			buildConfigurationList = 9CFA561E2CF83B9800646A37 /* Build configuration list for PBXNativeTarget "BrickPhone" */;
			buildPhases = (
				9CFA55F42CF83B9700646A37 /* Sources */,
				9CFA55F52CF83B9700646A37 /* Frameworks */,
				9CFA55F62CF83B9700646A37 /* Resources */,
				9CFA56402CF83BA400646A37 /* Embed Foundation Extensions */,
			);
			buildRules = (
			);
			dependencies = (
				9CFA563A2CF83BA400646A37 /* PBXTargetDependency */,
				9CCD9CE32D10930D00DFAEA2 /* PBXTargetDependency */,
			);
			fileSystemSynchronizedGroups = (
				9CFA55FA2CF83B9700646A37 /* BrickPhone */,
			);
			name = BrickPhone;
			packageProductDependencies = (
			);
			productName = BrickPhone;
			productReference = 9CFA55F82CF83B9700646A37 /* BrickPhone.app */;
			productType = "com.apple.product-type.application";
		};
		9CFA56092CF83B9800646A37 /* BrickPhoneTests */ = {
			isa = PBXNativeTarget;
			buildConfigurationList = 9CFA56212CF83B9800646A37 /* Build configuration list for PBXNativeTarget "BrickPhoneTests" */;
			buildPhases = (
				9CFA56062CF83B9800646A37 /* Sources */,
				9CFA56072CF83B9800646A37 /* Frameworks */,
				9CFA56082CF83B9800646A37 /* Resources */,
			);
			buildRules = (
			);
			dependencies = (
				9CFA560C2CF83B9800646A37 /* PBXTargetDependency */,
			);
			fileSystemSynchronizedGroups = (
				9CFA560D2CF83B9800646A37 /* BrickPhoneTests */,
			);
			name = BrickPhoneTests;
			packageProductDependencies = (
			);
			productName = BrickPhoneTests;
			productReference = 9CFA560A2CF83B9800646A37 /* BrickPhoneTests.xctest */;
			productType = "com.apple.product-type.bundle.unit-test";
		};
		9CFA56132CF83B9800646A37 /* BrickPhoneUITests */ = {
			isa = PBXNativeTarget;
			buildConfigurationList = 9CFA56242CF83B9800646A37 /* Build configuration list for PBXNativeTarget "BrickPhoneUITests" */;
			buildPhases = (
				9CFA56102CF83B9800646A37 /* Sources */,
				9CFA56112CF83B9800646A37 /* Frameworks */,
				9CFA56122CF83B9800646A37 /* Resources */,
			);
			buildRules = (
			);
			dependencies = (
				9CFA56162CF83B9800646A37 /* PBXTargetDependency */,
			);
			fileSystemSynchronizedGroups = (
				9CFA56172CF83B9800646A37 /* BrickPhoneUITests */,
			);
			name = BrickPhoneUITests;
			packageProductDependencies = (
			);
			productName = BrickPhoneUITests;
			productReference = 9CFA56142CF83B9800646A37 /* BrickPhoneUITests.xctest */;
			productType = "com.apple.product-type.bundle.ui-testing";
		};
		9CFA562A2CF83BA400646A37 /* BrickPhoneWidgetExtension */ = {
			isa = PBXNativeTarget;
			buildConfigurationList = 9CFA563D2CF83BA400646A37 /* Build configuration list for PBXNativeTarget "BrickPhoneWidgetExtension" */;
			buildPhases = (
				9CFA56272CF83BA400646A37 /* Sources */,
				9CFA56282CF83BA400646A37 /* Frameworks */,
				9CFA56292CF83BA400646A37 /* Resources */,
			);
			buildRules = (
			);
			dependencies = (
			);
			fileSystemSynchronizedGroups = (
				9CFA56312CF83BA400646A37 /* BrickPhoneWidget */,
			);
			name = BrickPhoneWidgetExtension;
			packageProductDependencies = (
			);
			productName = BrickPhoneWidgetExtension;
			productReference = 9CFA562B2CF83BA400646A37 /* BrickPhoneWidgetExtension.appex */;
			productType = "com.apple.product-type.app-extension";
		};
/* End PBXNativeTarget section */

/* Begin PBXProject section */
		9CFA55F02CF83B9700646A37 /* Project object */ = {
			isa = PBXProject;
			attributes = {
				BuildIndependentTargetsInParallel = 1;
				LastSwiftUpdateCheck = 1620;
				LastUpgradeCheck = 1610;
				TargetAttributes = {
					9CCD9CD62D10930C00DFAEA2 = {
						CreatedOnToolsVersion = 16.2;
					};
					9CFA55F72CF83B9700646A37 = {
						CreatedOnToolsVersion = 16.1;
					};
					9CFA56092CF83B9800646A37 = {
						CreatedOnToolsVersion = 16.1;
						TestTargetID = 9CFA55F72CF83B9700646A37;
					};
					9CFA56132CF83B9800646A37 = {
						CreatedOnToolsVersion = 16.1;
						TestTargetID = 9CFA55F72CF83B9700646A37;
					};
					9CFA562A2CF83BA400646A37 = {
						CreatedOnToolsVersion = 16.1;
					};
				};
			};
			buildConfigurationList = 9CFA55F32CF83B9700646A37 /* Build configuration list for PBXProject "BrickPhone" */;
			developmentRegion = en;
			hasScannedForEncodings = 0;
			knownRegions = (
				en,
				Base,
			);
			mainGroup = 9CFA55EF2CF83B9700646A37;
			minimizedProjectReferenceProxies = 1;
			preferredProjectObjectVersion = 77;
			productRefGroup = 9CFA55F92CF83B9700646A37 /* Products */;
			projectDirPath = "";
			projectRoot = "";
			targets = (
				9CFA55F72CF83B9700646A37 /* BrickPhone */,
				9CFA56092CF83B9800646A37 /* BrickPhoneTests */,
				9CFA56132CF83B9800646A37 /* BrickPhoneUITests */,
				9CFA562A2CF83BA400646A37 /* BrickPhoneWidgetExtension */,
				9CCD9CD62D10930C00DFAEA2 /* BlankWidgetExtension */,
			);
		};
/* End PBXProject section */

/* Begin PBXResourcesBuildPhase section */
		9CCD9CD52D10930C00DFAEA2 /* Resources */ = {
			isa = PBXResourcesBuildPhase;
			buildActionMask = 2147483647;
			files = (
			);
			runOnlyForDeploymentPostprocessing = 0;
		};
		9CFA55F62CF83B9700646A37 /* Resources */ = {
			isa = PBXResourcesBuildPhase;
			buildActionMask = 2147483647;
			files = (
				9CFA565C2CF8711B00646A37 /* Launch Screen.storyboard in Resources */,
			);
			runOnlyForDeploymentPostprocessing = 0;
		};
		9CFA56082CF83B9800646A37 /* Resources */ = {
			isa = PBXResourcesBuildPhase;
			buildActionMask = 2147483647;
			files = (
			);
			runOnlyForDeploymentPostprocessing = 0;
		};
		9CFA56122CF83B9800646A37 /* Resources */ = {
			isa = PBXResourcesBuildPhase;
			buildActionMask = 2147483647;
			files = (
			);
			runOnlyForDeploymentPostprocessing = 0;
		};
		9CFA56292CF83BA400646A37 /* Resources */ = {
			isa = PBXResourcesBuildPhase;
			buildActionMask = 2147483647;
			files = (
			);
			runOnlyForDeploymentPostprocessing = 0;
		};
/* End PBXResourcesBuildPhase section */

/* Begin PBXSourcesBuildPhase section */
		9CCD9CD32D10930C00DFAEA2 /* Sources */ = {
			isa = PBXSourcesBuildPhase;
			buildActionMask = 2147483647;
			files = (
			);
			runOnlyForDeploymentPostprocessing = 0;
		};
		9CFA55F42CF83B9700646A37 /* Sources */ = {
			isa = PBXSourcesBuildPhase;
			buildActionMask = 2147483647;
			files = (
			);
			runOnlyForDeploymentPostprocessing = 0;
		};
		9CFA56062CF83B9800646A37 /* Sources */ = {
			isa = PBXSourcesBuildPhase;
			buildActionMask = 2147483647;
			files = (
			);
			runOnlyForDeploymentPostprocessing = 0;
		};
		9CFA56102CF83B9800646A37 /* Sources */ = {
			isa = PBXSourcesBuildPhase;
			buildActionMask = 2147483647;
			files = (
			);
			runOnlyForDeploymentPostprocessing = 0;
		};
		9CFA56272CF83BA400646A37 /* Sources */ = {
			isa = PBXSourcesBuildPhase;
			buildActionMask = 2147483647;
			files = (
			);
			runOnlyForDeploymentPostprocessing = 0;
		};
/* End PBXSourcesBuildPhase section */

/* Begin PBXTargetDependency section */
		9CCD9CE32D10930D00DFAEA2 /* PBXTargetDependency */ = {
			isa = PBXTargetDependency;
			target = 9CCD9CD62D10930C00DFAEA2 /* BlankWidgetExtension */;
			targetProxy = 9CCD9CE22D10930D00DFAEA2 /* PBXContainerItemProxy */;
		};
		9CFA560C2CF83B9800646A37 /* PBXTargetDependency */ = {
			isa = PBXTargetDependency;
			target = 9CFA55F72CF83B9700646A37 /* BrickPhone */;
			targetProxy = 9CFA560B2CF83B9800646A37 /* PBXContainerItemProxy */;
		};
		9CFA56162CF83B9800646A37 /* PBXTargetDependency */ = {
			isa = PBXTargetDependency;
			target = 9CFA55F72CF83B9700646A37 /* BrickPhone */;
			targetProxy = 9CFA56152CF83B9800646A37 /* PBXContainerItemProxy */;
		};
		9CFA563A2CF83BA400646A37 /* PBXTargetDependency */ = {
			isa = PBXTargetDependency;
			target = 9CFA562A2CF83BA400646A37 /* BrickPhoneWidgetExtension */;
			targetProxy = 9CFA56392CF83BA400646A37 /* PBXContainerItemProxy */;
		};
/* End PBXTargetDependency section */

/* Begin XCBuildConfiguration section */
		9CCD9CE72D10930D00DFAEA2 /* Debug */ = {
			isa = XCBuildConfiguration;
			buildSettings = {
				ASSETCATALOG_COMPILER_GLOBAL_ACCENT_COLOR_NAME = AccentColor;
				ASSETCATALOG_COMPILER_WIDGET_BACKGROUND_COLOR_NAME = WidgetBackground;
				CODE_SIGN_ENTITLEMENTS = BlankWidgetExtension.entitlements;
				CODE_SIGN_STYLE = Automatic;
				CURRENT_PROJECT_VERSION = 1;
				DEVELOPMENT_TEAM = KD29B8JM64;
				GENERATE_INFOPLIST_FILE = YES;
				INFOPLIST_FILE = BlankWidget/Info.plist;
				INFOPLIST_KEY_CFBundleDisplayName = BlankWidget;
				INFOPLIST_KEY_NSHumanReadableCopyright = "";
				IPHONEOS_DEPLOYMENT_TARGET = 18.2;
				LD_RUNPATH_SEARCH_PATHS = (
					"$(inherited)",
					"@executable_path/Frameworks",
					"@executable_path/../../Frameworks",
				);
				MARKETING_VERSION = 1.0;
				PRODUCT_BUNDLE_IDENTIFIER = sbs.brainrot.BrickPhone.BlankWidget;
				PRODUCT_NAME = "$(TARGET_NAME)";
				SKIP_INSTALL = YES;
				SWIFT_EMIT_LOC_STRINGS = YES;
				SWIFT_VERSION = 5.0;
				TARGETED_DEVICE_FAMILY = "1,2";
			};
			name = Debug;
		};
		9CCD9CE82D10930D00DFAEA2 /* Release */ = {
			isa = XCBuildConfiguration;
			buildSettings = {
				ASSETCATALOG_COMPILER_GLOBAL_ACCENT_COLOR_NAME = AccentColor;
				ASSETCATALOG_COMPILER_WIDGET_BACKGROUND_COLOR_NAME = WidgetBackground;
				CODE_SIGN_ENTITLEMENTS = BlankWidgetExtension.entitlements;
				CODE_SIGN_STYLE = Automatic;
				CURRENT_PROJECT_VERSION = 1;
				DEVELOPMENT_TEAM = KD29B8JM64;
				GENERATE_INFOPLIST_FILE = YES;
				INFOPLIST_FILE = BlankWidget/Info.plist;
				INFOPLIST_KEY_CFBundleDisplayName = BlankWidget;
				INFOPLIST_KEY_NSHumanReadableCopyright = "";
				IPHONEOS_DEPLOYMENT_TARGET = 18.2;
				LD_RUNPATH_SEARCH_PATHS = (
					"$(inherited)",
					"@executable_path/Frameworks",
					"@executable_path/../../Frameworks",
				);
				MARKETING_VERSION = 1.0;
				PRODUCT_BUNDLE_IDENTIFIER = sbs.brainrot.BrickPhone.BlankWidget;
				PRODUCT_NAME = "$(TARGET_NAME)";
				SKIP_INSTALL = YES;
				SWIFT_EMIT_LOC_STRINGS = YES;
				SWIFT_VERSION = 5.0;
				TARGETED_DEVICE_FAMILY = "1,2";
			};
			name = Release;
		};
		9CFA561C2CF83B9800646A37 /* Debug */ = {
			isa = XCBuildConfiguration;
			buildSettings = {
				ALWAYS_SEARCH_USER_PATHS = NO;
				ASSETCATALOG_COMPILER_GENERATE_SWIFT_ASSET_SYMBOL_EXTENSIONS = YES;
				CLANG_ANALYZER_NONNULL = YES;
				CLANG_ANALYZER_NUMBER_OBJECT_CONVERSION = YES_AGGRESSIVE;
				CLANG_CXX_LANGUAGE_STANDARD = "gnu++20";
				CLANG_ENABLE_MODULES = YES;
				CLANG_ENABLE_OBJC_ARC = YES;
				CLANG_ENABLE_OBJC_WEAK = YES;
				CLANG_WARN_BLOCK_CAPTURE_AUTORELEASING = YES;
				CLANG_WARN_BOOL_CONVERSION = YES;
				CLANG_WARN_COMMA = YES;
				CLANG_WARN_CONSTANT_CONVERSION = YES;
				CLANG_WARN_DEPRECATED_OBJC_IMPLEMENTATIONS = YES;
				CLANG_WARN_DIRECT_OBJC_ISA_USAGE = YES_ERROR;
				CLANG_WARN_DOCUMENTATION_COMMENTS = YES;
				CLANG_WARN_EMPTY_BODY = YES;
				CLANG_WARN_ENUM_CONVERSION = YES;
				CLANG_WARN_INFINITE_RECURSION = YES;
				CLANG_WARN_INT_CONVERSION = YES;
				CLANG_WARN_NON_LITERAL_NULL_CONVERSION = YES;
				CLANG_WARN_OBJC_IMPLICIT_RETAIN_SELF = YES;
				CLANG_WARN_OBJC_LITERAL_CONVERSION = YES;
				CLANG_WARN_OBJC_ROOT_CLASS = YES_ERROR;
				CLANG_WARN_QUOTED_INCLUDE_IN_FRAMEWORK_HEADER = YES;
				CLANG_WARN_RANGE_LOOP_ANALYSIS = YES;
				CLANG_WARN_STRICT_PROTOTYPES = YES;
				CLANG_WARN_SUSPICIOUS_MOVE = YES;
				CLANG_WARN_UNGUARDED_AVAILABILITY = YES_AGGRESSIVE;
				CLANG_WARN_UNREACHABLE_CODE = YES;
				CLANG_WARN__DUPLICATE_METHOD_MATCH = YES;
				COPY_PHASE_STRIP = NO;
				DEBUG_INFORMATION_FORMAT = dwarf;
				ENABLE_STRICT_OBJC_MSGSEND = YES;
				ENABLE_TESTABILITY = YES;
				ENABLE_USER_SCRIPT_SANDBOXING = YES;
				GCC_C_LANGUAGE_STANDARD = gnu17;
				GCC_DYNAMIC_NO_PIC = NO;
				GCC_NO_COMMON_BLOCKS = YES;
				GCC_OPTIMIZATION_LEVEL = 0;
				GCC_PREPROCESSOR_DEFINITIONS = (
					"DEBUG=1",
					"$(inherited)",
				);
				GCC_WARN_64_TO_32_BIT_CONVERSION = YES;
				GCC_WARN_ABOUT_RETURN_TYPE = YES_ERROR;
				GCC_WARN_UNDECLARED_SELECTOR = YES;
				GCC_WARN_UNINITIALIZED_AUTOS = YES_AGGRESSIVE;
				GCC_WARN_UNUSED_FUNCTION = YES;
				GCC_WARN_UNUSED_VARIABLE = YES;
				IPHONEOS_DEPLOYMENT_TARGET = 18.1;
				LOCALIZATION_PREFERS_STRING_CATALOGS = YES;
				MTL_ENABLE_DEBUG_INFO = INCLUDE_SOURCE;
				MTL_FAST_MATH = YES;
				ONLY_ACTIVE_ARCH = YES;
				SDKROOT = iphoneos;
				SWIFT_ACTIVE_COMPILATION_CONDITIONS = "DEBUG $(inherited)";
				SWIFT_OPTIMIZATION_LEVEL = "-Onone";
			};
			name = Debug;
		};
		9CFA561D2CF83B9800646A37 /* Release */ = {
			isa = XCBuildConfiguration;
			buildSettings = {
				ALWAYS_SEARCH_USER_PATHS = NO;
				ASSETCATALOG_COMPILER_GENERATE_SWIFT_ASSET_SYMBOL_EXTENSIONS = YES;
				CLANG_ANALYZER_NONNULL = YES;
				CLANG_ANALYZER_NUMBER_OBJECT_CONVERSION = YES_AGGRESSIVE;
				CLANG_CXX_LANGUAGE_STANDARD = "gnu++20";
				CLANG_ENABLE_MODULES = YES;
				CLANG_ENABLE_OBJC_ARC = YES;
				CLANG_ENABLE_OBJC_WEAK = YES;
				CLANG_WARN_BLOCK_CAPTURE_AUTORELEASING = YES;
				CLANG_WARN_BOOL_CONVERSION = YES;
				CLANG_WARN_COMMA = YES;
				CLANG_WARN_CONSTANT_CONVERSION = YES;
				CLANG_WARN_DEPRECATED_OBJC_IMPLEMENTATIONS = YES;
				CLANG_WARN_DIRECT_OBJC_ISA_USAGE = YES_ERROR;
				CLANG_WARN_DOCUMENTATION_COMMENTS = YES;
				CLANG_WARN_EMPTY_BODY = YES;
				CLANG_WARN_ENUM_CONVERSION = YES;
				CLANG_WARN_INFINITE_RECURSION = YES;
				CLANG_WARN_INT_CONVERSION = YES;
				CLANG_WARN_NON_LITERAL_NULL_CONVERSION = YES;
				CLANG_WARN_OBJC_IMPLICIT_RETAIN_SELF = YES;
				CLANG_WARN_OBJC_LITERAL_CONVERSION = YES;
				CLANG_WARN_OBJC_ROOT_CLASS = YES_ERROR;
				CLANG_WARN_QUOTED_INCLUDE_IN_FRAMEWORK_HEADER = YES;
				CLANG_WARN_RANGE_LOOP_ANALYSIS = YES;
				CLANG_WARN_STRICT_PROTOTYPES = YES;
				CLANG_WARN_SUSPICIOUS_MOVE = YES;
				CLANG_WARN_UNGUARDED_AVAILABILITY = YES_AGGRESSIVE;
				CLANG_WARN_UNREACHABLE_CODE = YES;
				CLANG_WARN__DUPLICATE_METHOD_MATCH = YES;
				COPY_PHASE_STRIP = NO;
				DEBUG_INFORMATION_FORMAT = "dwarf-with-dsym";
				ENABLE_NS_ASSERTIONS = NO;
				ENABLE_STRICT_OBJC_MSGSEND = YES;
				ENABLE_USER_SCRIPT_SANDBOXING = YES;
				GCC_C_LANGUAGE_STANDARD = gnu17;
				GCC_NO_COMMON_BLOCKS = YES;
				GCC_WARN_64_TO_32_BIT_CONVERSION = YES;
				GCC_WARN_ABOUT_RETURN_TYPE = YES_ERROR;
				GCC_WARN_UNDECLARED_SELECTOR = YES;
				GCC_WARN_UNINITIALIZED_AUTOS = YES_AGGRESSIVE;
				GCC_WARN_UNUSED_FUNCTION = YES;
				GCC_WARN_UNUSED_VARIABLE = YES;
				IPHONEOS_DEPLOYMENT_TARGET = 18.1;
				LOCALIZATION_PREFERS_STRING_CATALOGS = YES;
				MTL_ENABLE_DEBUG_INFO = NO;
				MTL_FAST_MATH = YES;
				SDKROOT = iphoneos;
				SWIFT_COMPILATION_MODE = wholemodule;
				VALIDATE_PRODUCT = YES;
			};
			name = Release;
		};
		9CFA561F2CF83B9800646A37 /* Debug */ = {
			isa = XCBuildConfiguration;
			buildSettings = {
				ASSETCATALOG_COMPILER_APPICON_NAME = AppIcon;
				ASSETCATALOG_COMPILER_GLOBAL_ACCENT_COLOR_NAME = AccentColor;
				CODE_SIGN_ENTITLEMENTS = BrickPhone/BrickPhone.entitlements;
				CODE_SIGN_STYLE = Automatic;
				CURRENT_PROJECT_VERSION = 1;
				DEVELOPMENT_ASSET_PATHS = "\"BrickPhone/Preview Content\"";
				DEVELOPMENT_TEAM = KD29B8JM64;
				ENABLE_PREVIEWS = YES;
				GENERATE_INFOPLIST_FILE = YES;
				INFOPLIST_KEY_CFBundleDisplayName = "             ";
				INFOPLIST_KEY_LSApplicationCategoryType = "public.app-category.productivity";
				INFOPLIST_KEY_NSPhotoLibraryAddUsageDescription = "We want to save the wallpaper photo";
				INFOPLIST_KEY_UIApplicationSceneManifest_Generation = YES;
				INFOPLIST_KEY_UIApplicationSupportsIndirectInputEvents = YES;
				INFOPLIST_KEY_UILaunchScreen_Generation = YES;
				INFOPLIST_KEY_UISupportedInterfaceOrientations = UIInterfaceOrientationPortrait;
				INFOPLIST_KEY_UISupportedInterfaceOrientations_iPad = "UIInterfaceOrientationLandscapeLeft UIInterfaceOrientationLandscapeRight UIInterfaceOrientationPortrait UIInterfaceOrientationPortraitUpsideDown";
				IPHONEOS_DEPLOYMENT_TARGET = 17.6;
				LD_RUNPATH_SEARCH_PATHS = (
					"$(inherited)",
					"@executable_path/Frameworks",
				);
				MARKETING_VERSION = 1.0;
				PRODUCT_BUNDLE_IDENTIFIER = sbs.brainrot.BrickPhone;
				PRODUCT_NAME = "$(TARGET_NAME)";
				SUPPORTED_PLATFORMS = "iphoneos iphonesimulator";
				SUPPORTS_MACCATALYST = NO;
				SUPPORTS_MAC_DESIGNED_FOR_IPHONE_IPAD = NO;
				SUPPORTS_XR_DESIGNED_FOR_IPHONE_IPAD = NO;
				SWIFT_EMIT_LOC_STRINGS = YES;
				SWIFT_VERSION = 5.0;
				TARGETED_DEVICE_FAMILY = 1;
			};
			name = Debug;
		};
		9CFA56202CF83B9800646A37 /* Release */ = {
			isa = XCBuildConfiguration;
			buildSettings = {
				ASSETCATALOG_COMPILER_APPICON_NAME = AppIcon;
				ASSETCATALOG_COMPILER_GLOBAL_ACCENT_COLOR_NAME = AccentColor;
				CODE_SIGN_ENTITLEMENTS = BrickPhone/BrickPhone.entitlements;
				CODE_SIGN_STYLE = Automatic;
				CURRENT_PROJECT_VERSION = 1;
				DEVELOPMENT_ASSET_PATHS = "\"BrickPhone/Preview Content\"";
				DEVELOPMENT_TEAM = KD29B8JM64;
				ENABLE_PREVIEWS = YES;
				GENERATE_INFOPLIST_FILE = YES;
				INFOPLIST_KEY_CFBundleDisplayName = "             ";
				INFOPLIST_KEY_LSApplicationCategoryType = "public.app-category.productivity";
				INFOPLIST_KEY_NSPhotoLibraryAddUsageDescription = "We want to save the wallpaper photo";
				INFOPLIST_KEY_UIApplicationSceneManifest_Generation = YES;
				INFOPLIST_KEY_UIApplicationSupportsIndirectInputEvents = YES;
				INFOPLIST_KEY_UILaunchScreen_Generation = YES;
				INFOPLIST_KEY_UISupportedInterfaceOrientations = UIInterfaceOrientationPortrait;
				INFOPLIST_KEY_UISupportedInterfaceOrientations_iPad = "UIInterfaceOrientationLandscapeLeft UIInterfaceOrientationLandscapeRight UIInterfaceOrientationPortrait UIInterfaceOrientationPortraitUpsideDown";
				IPHONEOS_DEPLOYMENT_TARGET = 17.6;
				LD_RUNPATH_SEARCH_PATHS = (
					"$(inherited)",
					"@executable_path/Frameworks",
				);
				MARKETING_VERSION = 1.0;
				PRODUCT_BUNDLE_IDENTIFIER = sbs.brainrot.BrickPhone;
				PRODUCT_NAME = "$(TARGET_NAME)";
				SUPPORTED_PLATFORMS = "iphoneos iphonesimulator";
				SUPPORTS_MACCATALYST = NO;
				SUPPORTS_MAC_DESIGNED_FOR_IPHONE_IPAD = NO;
				SUPPORTS_XR_DESIGNED_FOR_IPHONE_IPAD = NO;
				SWIFT_EMIT_LOC_STRINGS = YES;
				SWIFT_VERSION = 5.0;
				TARGETED_DEVICE_FAMILY = 1;
			};
			name = Release;
		};
		9CFA56222CF83B9800646A37 /* Debug */ = {
			isa = XCBuildConfiguration;
			buildSettings = {
				BUNDLE_LOADER = "$(TEST_HOST)";
				CODE_SIGN_STYLE = Automatic;
				CURRENT_PROJECT_VERSION = 1;
				DEVELOPMENT_TEAM = KD29B8JM64;
				GENERATE_INFOPLIST_FILE = YES;
				IPHONEOS_DEPLOYMENT_TARGET = 18.1;
				MARKETING_VERSION = 1.0;
				PRODUCT_BUNDLE_IDENTIFIER = sbs.brainrot.BrickPhoneTests;
				PRODUCT_NAME = "$(TARGET_NAME)";
				SWIFT_EMIT_LOC_STRINGS = NO;
				SWIFT_VERSION = 5.0;
				TARGETED_DEVICE_FAMILY = "1,2";
				TEST_HOST = "$(BUILT_PRODUCTS_DIR)/BrickPhone.app/$(BUNDLE_EXECUTABLE_FOLDER_PATH)/BrickPhone";
			};
			name = Debug;
		};
		9CFA56232CF83B9800646A37 /* Release */ = {
			isa = XCBuildConfiguration;
			buildSettings = {
				BUNDLE_LOADER = "$(TEST_HOST)";
				CODE_SIGN_STYLE = Automatic;
				CURRENT_PROJECT_VERSION = 1;
				DEVELOPMENT_TEAM = KD29B8JM64;
				GENERATE_INFOPLIST_FILE = YES;
				IPHONEOS_DEPLOYMENT_TARGET = 18.1;
				MARKETING_VERSION = 1.0;
				PRODUCT_BUNDLE_IDENTIFIER = sbs.brainrot.BrickPhoneTests;
				PRODUCT_NAME = "$(TARGET_NAME)";
				SWIFT_EMIT_LOC_STRINGS = NO;
				SWIFT_VERSION = 5.0;
				TARGETED_DEVICE_FAMILY = "1,2";
				TEST_HOST = "$(BUILT_PRODUCTS_DIR)/BrickPhone.app/$(BUNDLE_EXECUTABLE_FOLDER_PATH)/BrickPhone";
			};
			name = Release;
		};
		9CFA56252CF83B9800646A37 /* Debug */ = {
			isa = XCBuildConfiguration;
			buildSettings = {
				CODE_SIGN_STYLE = Automatic;
				CURRENT_PROJECT_VERSION = 1;
				DEVELOPMENT_TEAM = KD29B8JM64;
				GENERATE_INFOPLIST_FILE = YES;
				MARKETING_VERSION = 1.0;
				PRODUCT_BUNDLE_IDENTIFIER = sbs.brainrot.BrickPhoneUITests;
				PRODUCT_NAME = "$(TARGET_NAME)";
				SWIFT_EMIT_LOC_STRINGS = NO;
				SWIFT_VERSION = 5.0;
				TARGETED_DEVICE_FAMILY = "1,2";
				TEST_TARGET_NAME = BrickPhone;
			};
			name = Debug;
		};
		9CFA56262CF83B9800646A37 /* Release */ = {
			isa = XCBuildConfiguration;
			buildSettings = {
				CODE_SIGN_STYLE = Automatic;
				CURRENT_PROJECT_VERSION = 1;
				DEVELOPMENT_TEAM = KD29B8JM64;
				GENERATE_INFOPLIST_FILE = YES;
				MARKETING_VERSION = 1.0;
				PRODUCT_BUNDLE_IDENTIFIER = sbs.brainrot.BrickPhoneUITests;
				PRODUCT_NAME = "$(TARGET_NAME)";
				SWIFT_EMIT_LOC_STRINGS = NO;
				SWIFT_VERSION = 5.0;
				TARGETED_DEVICE_FAMILY = "1,2";
				TEST_TARGET_NAME = BrickPhone;
			};
			name = Release;
		};
		9CFA563E2CF83BA400646A37 /* Debug */ = {
			isa = XCBuildConfiguration;
			buildSettings = {
				ASSETCATALOG_COMPILER_GLOBAL_ACCENT_COLOR_NAME = AccentColor;
				ASSETCATALOG_COMPILER_WIDGET_BACKGROUND_COLOR_NAME = WidgetBackground;
				CODE_SIGN_ENTITLEMENTS = BrickPhoneWidgetExtension.entitlements;
				CODE_SIGN_STYLE = Automatic;
				CURRENT_PROJECT_VERSION = 1;
				DEVELOPMENT_TEAM = KD29B8JM64;
				GENERATE_INFOPLIST_FILE = YES;
				INFOPLIST_FILE = BrickPhoneWidget/Info.plist;
				INFOPLIST_KEY_CFBundleDisplayName = BrickPhoneWidget;
				INFOPLIST_KEY_NSHumanReadableCopyright = "";
				IPHONEOS_DEPLOYMENT_TARGET = 17.6;
				LD_RUNPATH_SEARCH_PATHS = (
					"$(inherited)",
					"@executable_path/Frameworks",
					"@executable_path/../../Frameworks",
				);
				MARKETING_VERSION = 1.0;
				PRODUCT_BUNDLE_IDENTIFIER = sbs.brainrot.BrickPhone.BrickPhoneWidget;
				PRODUCT_NAME = "$(TARGET_NAME)";
				SKIP_INSTALL = YES;
				SUPPORTED_PLATFORMS = "iphoneos iphonesimulator";
				SUPPORTS_MACCATALYST = NO;
				SUPPORTS_MAC_DESIGNED_FOR_IPHONE_IPAD = NO;
				SUPPORTS_XR_DESIGNED_FOR_IPHONE_IPAD = NO;
				SWIFT_EMIT_LOC_STRINGS = YES;
				SWIFT_VERSION = 5.0;
				TARGETED_DEVICE_FAMILY = 1;
			};
			name = Debug;
		};
		9CFA563F2CF83BA400646A37 /* Release */ = {
			isa = XCBuildConfiguration;
			buildSettings = {
				ASSETCATALOG_COMPILER_GLOBAL_ACCENT_COLOR_NAME = AccentColor;
				ASSETCATALOG_COMPILER_WIDGET_BACKGROUND_COLOR_NAME = WidgetBackground;
				CODE_SIGN_ENTITLEMENTS = BrickPhoneWidgetExtension.entitlements;
				CODE_SIGN_STYLE = Automatic;
				CURRENT_PROJECT_VERSION = 1;
				DEVELOPMENT_TEAM = KD29B8JM64;
				GENERATE_INFOPLIST_FILE = YES;
				INFOPLIST_FILE = BrickPhoneWidget/Info.plist;
				INFOPLIST_KEY_CFBundleDisplayName = BrickPhoneWidget;
				INFOPLIST_KEY_NSHumanReadableCopyright = "";
				IPHONEOS_DEPLOYMENT_TARGET = 17.6;
				LD_RUNPATH_SEARCH_PATHS = (
					"$(inherited)",
					"@executable_path/Frameworks",
					"@executable_path/../../Frameworks",
				);
				MARKETING_VERSION = 1.0;
				PRODUCT_BUNDLE_IDENTIFIER = sbs.brainrot.BrickPhone.BrickPhoneWidget;
				PRODUCT_NAME = "$(TARGET_NAME)";
				SKIP_INSTALL = YES;
				SUPPORTED_PLATFORMS = "iphoneos iphonesimulator";
				SUPPORTS_MACCATALYST = NO;
				SUPPORTS_MAC_DESIGNED_FOR_IPHONE_IPAD = NO;
				SUPPORTS_XR_DESIGNED_FOR_IPHONE_IPAD = NO;
				SWIFT_EMIT_LOC_STRINGS = YES;
				SWIFT_VERSION = 5.0;
				TARGETED_DEVICE_FAMILY = 1;
			};
			name = Release;
		};
/* End XCBuildConfiguration section */

/* Begin XCConfigurationList section */
		9CCD9CE62D10930D00DFAEA2 /* Build configuration list for PBXNativeTarget "BlankWidgetExtension" */ = {
			isa = XCConfigurationList;
			buildConfigurations = (
				9CCD9CE72D10930D00DFAEA2 /* Debug */,
				9CCD9CE82D10930D00DFAEA2 /* Release */,
			);
			defaultConfigurationIsVisible = 0;
			defaultConfigurationName = Release;
		};
		9CFA55F32CF83B9700646A37 /* Build configuration list for PBXProject "BrickPhone" */ = {
			isa = XCConfigurationList;
			buildConfigurations = (
				9CFA561C2CF83B9800646A37 /* Debug */,
				9CFA561D2CF83B9800646A37 /* Release */,
			);
			defaultConfigurationIsVisible = 0;
			defaultConfigurationName = Release;
		};
		9CFA561E2CF83B9800646A37 /* Build configuration list for PBXNativeTarget "BrickPhone" */ = {
			isa = XCConfigurationList;
			buildConfigurations = (
				9CFA561F2CF83B9800646A37 /* Debug */,
				9CFA56202CF83B9800646A37 /* Release */,
			);
			defaultConfigurationIsVisible = 0;
			defaultConfigurationName = Release;
		};
		9CFA56212CF83B9800646A37 /* Build configuration list for PBXNativeTarget "BrickPhoneTests" */ = {
			isa = XCConfigurationList;
			buildConfigurations = (
				9CFA56222CF83B9800646A37 /* Debug */,
				9CFA56232CF83B9800646A37 /* Release */,
			);
			defaultConfigurationIsVisible = 0;
			defaultConfigurationName = Release;
		};
		9CFA56242CF83B9800646A37 /* Build configuration list for PBXNativeTarget "BrickPhoneUITests" */ = {
			isa = XCConfigurationList;
			buildConfigurations = (
				9CFA56252CF83B9800646A37 /* Debug */,
				9CFA56262CF83B9800646A37 /* Release */,
			);
			defaultConfigurationIsVisible = 0;
			defaultConfigurationName = Release;
		};
		9CFA563D2CF83BA400646A37 /* Build configuration list for PBXNativeTarget "BrickPhoneWidgetExtension" */ = {
			isa = XCConfigurationList;
			buildConfigurations = (
				9CFA563E2CF83BA400646A37 /* Debug */,
				9CFA563F2CF83BA400646A37 /* Release */,
			);
			defaultConfigurationIsVisible = 0;
			defaultConfigurationName = Release;
		};
/* End XCConfigurationList section */
	};
	rootObject = 9CFA55F02CF83B9700646A37 /* Project object */;
}
